
Microsoft Visual Studio Solution File, Format Version 12.00
Project("{FAE04EC0-301F-11D3-BF4B-00C04F79EFBC}") = "BlogWebsite.Models", "BlogWebsite.Models\BlogWebsite.Models.csproj", "{C9ECDB53-5403-4342-902D-EEFB7E3307CD}"
EndProject
Project("{FAE04EC0-301F-11D3-BF4B-00C04F79EFBC}") = "BlogWebsite.Repository", "BlogWebsite.Repository\BlogWebsite.Repository.csproj", "{05B75B23-42CB-4E2C-BA9F-5277C89700A7}"
EndProject
Project("{FAE04EC0-301F-11D3-BF4B-00C04F79EFBC}") = "BlogWebsite.Service", "BlogWebsite.Service\BlogWebsite.Service.csproj", "{B2FE8F57-AB96-4DC5-9CE6-49EA0F62866F}"
EndProject
Project("{FAE04EC0-301F-11D3-BF4B-00C04F79EFBC}") = "BlogWebsite.API", "BlogWebsite.API\BlogWebsite.API.csproj", "{4B331FEA-7134-4BF5-85A0-3EDB0D154E15}"
EndProject
Project("{FAE04EC0-301F-11D3-BF4B-00C04F79EFBC}") = "BlogWebsite.Core", "BlogWebsite.Core\BlogWebsite.Core.csproj", "{EE4D2E56-D618-4014-94A8-FD27197E625F}"
EndProject
Global
	GlobalSection(SolutionConfigurationPlatforms) = preSolution
		Debug|Any CPU = Debug|Any CPU
		Release|Any CPU = Release|Any CPU
	EndGlobalSection
	GlobalSection(ProjectConfigurationPlatforms) = postSolution
		{C9ECDB53-5403-4342-902D-EEFB7E3307CD}.Debug|Any CPU.ActiveCfg = Debug|Any CPU
		{C9ECDB53-5403-4342-902D-EEFB7E3307CD}.Debug|Any CPU.Build.0 = Debug|Any CPU
		{C9ECDB53-5403-4342-902D-EEFB7E3307CD}.Release|Any CPU.ActiveCfg = Release|Any CPU
		{C9ECDB53-5403-4342-902D-EEFB7E3307CD}.Release|Any CPU.Build.0 = Release|Any CPU
		{05B75B23-42CB-4E2C-BA9F-5277C89700A7}.Debug|Any CPU.ActiveCfg = Debug|Any CPU
		{05B75B23-42CB-4E2C-BA9F-5277C89700A7}.Debug|Any CPU.Build.0 = Debug|Any CPU
		{05B75B23-42CB-4E2C-BA9F-5277C89700A7}.Release|Any CPU.ActiveCfg = Release|Any CPU
		{05B75B23-42CB-4E2C-BA9F-5277C89700A7}.Release|Any CPU.Build.0 = Release|Any CPU
		{B2FE8F57-AB96-4DC5-9CE6-49EA0F62866F}.Debug|Any CPU.ActiveCfg = Debug|Any CPU
		{B2FE8F57-AB96-4DC5-9CE6-49EA0F62866F}.Debug|Any CPU.Build.0 = Debug|Any CPU
		{B2FE8F57-AB96-4DC5-9CE6-49EA0F62866F}.Release|Any CPU.ActiveCfg = Release|Any CPU
		{B2FE8F57-AB96-4DC5-9CE6-49EA0F62866F}.Release|Any CPU.Build.0 = Release|Any CPU
		{4B331FEA-7134-4BF5-85A0-3EDB0D154E15}.Debug|Any CPU.ActiveCfg = Debug|Any CPU
		{4B331FEA-7134-4BF5-85A0-3EDB0D154E15}.Debug|Any CPU.Build.0 = Debug|Any CPU
		{4B331FEA-7134-4BF5-85A0-3EDB0D154E15}.Release|Any CPU.ActiveCfg = Release|Any CPU
		{4B331FEA-7134-4BF5-85A0-3EDB0D154E15}.Release|Any CPU.Build.0 = Release|Any CPU
		{EE4D2E56-D618-4014-94A8-FD27197E625F}.Debug|Any CPU.ActiveCfg = Debug|Any CPU
		{EE4D2E56-D618-4014-94A8-FD27197E625F}.Debug|Any CPU.Build.0 = Debug|Any CPU
		{EE4D2E56-D618-4014-94A8-FD27197E625F}.Release|Any CPU.ActiveCfg = Release|Any CPU
		{EE4D2E56-D618-4014-94A8-FD27197E625F}.Release|Any CPU.Build.0 = Release|Any CPU
	EndGlobalSection
EndGlobal
